// !$*UTF8*$!
{
	archiveVersion = 1;
	classes = {
	};
	objectVersion = 56;
	objects = {

/* Begin PBXBuildFile section */
		04EB02CA2AD82F5300998431 /* AppDelegate.swift in Sources */ = {isa = PBXBuildFile; fileRef = 04EB02C92AD82F5300998431 /* AppDelegate.swift */; };
		04EB02CC2AD82F5300998431 /* SceneDelegate.swift in Sources */ = {isa = PBXBuildFile; fileRef = 04EB02CB2AD82F5300998431 /* SceneDelegate.swift */; };
		04EB02CE2AD82F5300998431 /* ViewController.swift in Sources */ = {isa = PBXBuildFile; fileRef = 04EB02CD2AD82F5300998431 /* ViewController.swift */; };
		04EB02D12AD82F5300998431 /* Main.storyboard in Resources */ = {isa = PBXBuildFile; fileRef = 04EB02CF2AD82F5300998431 /* Main.storyboard */; };
		04EB02D32AD82F5400998431 /* Assets.xcassets in Resources */ = {isa = PBXBuildFile; fileRef = 04EB02D22AD82F5400998431 /* Assets.xcassets */; };
		04EB02D62AD82F5400998431 /* LaunchScreen.storyboard in Resources */ = {isa = PBXBuildFile; fileRef = 04EB02D42AD82F5400998431 /* LaunchScreen.storyboard */; };
		04EB02DF2AD84CAE00998431 /* Alamofire in Frameworks */ = {isa = PBXBuildFile; productRef = 04EB02DE2AD84CAE00998431 /* Alamofire */; };
		04EB02EF2AD851EF00998431 /* Fixtur.xib in Resources */ = {isa = PBXBuildFile; fileRef = 04EB02EE2AD851EF00998431 /* Fixtur.xib */; };
		04EB02F12AD8521400998431 /* Fixtur.swift in Sources */ = {isa = PBXBuildFile; fileRef = 04EB02F02AD8521400998431 /* Fixtur.swift */; };
		04EB02F42AD8556600998431 /* Team.xib in Resources */ = {isa = PBXBuildFile; fileRef = 04EB02F32AD8556600998431 /* Team.xib */; };
		04EB02F62AD8557A00998431 /* Team.swift in Sources */ = {isa = PBXBuildFile; fileRef = 04EB02F52AD8557A00998431 /* Team.swift */; };
		04EB02F82AD85B2800998431 /* FixturesList.storyboard in Resources */ = {isa = PBXBuildFile; fileRef = 04EB02F72AD85B2800998431 /* FixturesList.storyboard */; };
		04EB02FB2AD86BF300998431 /* CustomViewProtocol.swift in Sources */ = {isa = PBXBuildFile; fileRef = 04EB02FA2AD86BF300998431 /* CustomViewProtocol.swift */; };
/* End PBXBuildFile section */

/* Begin PBXFileReference section */
		04EB02C62AD82F5300998431 /* PL.app */ = {isa = PBXFileReference; explicitFileType = wrapper.application; includeInIndex = 0; path = PL.app; sourceTree = BUILT_PRODUCTS_DIR; };
		04EB02C92AD82F5300998431 /* AppDelegate.swift */ = {isa = PBXFileReference; lastKnownFileType = sourcecode.swift; path = AppDelegate.swift; sourceTree = "<group>"; };
		04EB02CB2AD82F5300998431 /* SceneDelegate.swift */ = {isa = PBXFileReference; lastKnownFileType = sourcecode.swift; path = SceneDelegate.swift; sourceTree = "<group>"; };
		04EB02CD2AD82F5300998431 /* ViewController.swift */ = {isa = PBXFileReference; lastKnownFileType = sourcecode.swift; path = ViewController.swift; sourceTree = "<group>"; };
		04EB02D02AD82F5300998431 /* Base */ = {isa = PBXFileReference; lastKnownFileType = file.storyboard; name = Base; path = Base.lproj/Main.storyboard; sourceTree = "<group>"; };
		04EB02D22AD82F5400998431 /* Assets.xcassets */ = {isa = PBXFileReference; lastKnownFileType = folder.assetcatalog; path = Assets.xcassets; sourceTree = "<group>"; };
		04EB02D52AD82F5400998431 /* Base */ = {isa = PBXFileReference; lastKnownFileType = file.storyboard; name = Base; path = Base.lproj/LaunchScreen.storyboard; sourceTree = "<group>"; };
		04EB02D72AD82F5400998431 /* Info.plist */ = {isa = PBXFileReference; lastKnownFileType = text.plist.xml; path = Info.plist; sourceTree = "<group>"; };
		04EB02EE2AD851EF00998431 /* Fixtur.xib */ = {isa = PBXFileReference; lastKnownFileType = file.xib; path = Fixtur.xib; sourceTree = "<group>"; };
		04EB02F02AD8521400998431 /* Fixtur.swift */ = {isa = PBXFileReference; lastKnownFileType = sourcecode.swift; path = Fixtur.swift; sourceTree = "<group>"; };
		04EB02F32AD8556600998431 /* Team.xib */ = {isa = PBXFileReference; lastKnownFileType = file.xib; path = Team.xib; sourceTree = "<group>"; };
		04EB02F52AD8557A00998431 /* Team.swift */ = {isa = PBXFileReference; lastKnownFileType = sourcecode.swift; path = Team.swift; sourceTree = "<group>"; };
		04EB02F72AD85B2800998431 /* FixturesList.storyboard */ = {isa = PBXFileReference; lastKnownFileType = file.storyboard; path = FixturesList.storyboard; sourceTree = "<group>"; };
		04EB02FA2AD86BF300998431 /* CustomViewProtocol.swift */ = {isa = PBXFileReference; lastKnownFileType = sourcecode.swift; path = CustomViewProtocol.swift; sourceTree = "<group>"; };
/* End PBXFileReference section */

/* Begin PBXFrameworksBuildPhase section */
		04EB02C32AD82F5300998431 /* Frameworks */ = {
			isa = PBXFrameworksBuildPhase;
			buildActionMask = 2147483647;
			files = (
				04EB02DF2AD84CAE00998431 /* Alamofire in Frameworks */,
			);
			runOnlyForDeploymentPostprocessing = 0;
		};
/* End PBXFrameworksBuildPhase section */

/* Begin PBXGroup section */
		04EB02BD2AD82F5300998431 = {
			isa = PBXGroup;
			children = (
				04EB02C82AD82F5300998431 /* PL */,
				04EB02C72AD82F5300998431 /* Products */,
			);
			sourceTree = "<group>";
		};
		04EB02C72AD82F5300998431 /* Products */ = {
			isa = PBXGroup;
			children = (
				04EB02C62AD82F5300998431 /* PL.app */,
			);
			name = Products;
			sourceTree = "<group>";
		};
		04EB02C82AD82F5300998431 /* PL */ = {
			isa = PBXGroup;
			children = (
				04EB02E32AD84D0200998431 /* Modules */,
				04EB02E62AD84D7D00998431 /* Utils */,
				04EB02E72AD84D9C00998431 /* Networking */,
				04EB02E52AD84D6400998431 /* Extensions */,
				04EB02E42AD84D1A00998431 /* Resources */,
				04EB02E82AD84EEC00998431 /* AppConfig */,
				04EB02D72AD82F5400998431 /* Info.plist */,
				04EB02CF2AD82F5300998431 /* Main.storyboard */,
			);
			path = PL;
			sourceTree = "<group>";
		};
		04EB02E32AD84D0200998431 /* Modules */ = {
			isa = PBXGroup;
			children = (
				04EB02E92AD84F1500998431 /* FixturesList */,
			);
			path = Modules;
			sourceTree = "<group>";
		};
		04EB02E42AD84D1A00998431 /* Resources */ = {
			isa = PBXGroup;
			children = (
				04EB02D22AD82F5400998431 /* Assets.xcassets */,
			);
			path = Resources;
			sourceTree = "<group>";
		};
		04EB02E52AD84D6400998431 /* Extensions */ = {
			isa = PBXGroup;
			children = (
			);
			path = Extensions;
			sourceTree = "<group>";
		};
		04EB02E62AD84D7D00998431 /* Utils */ = {
			isa = PBXGroup;
			children = (
				04EB02F92AD86BDC00998431 /* Protocol */,
			);
			path = Utils;
			sourceTree = "<group>";
		};
		04EB02E72AD84D9C00998431 /* Networking */ = {
			isa = PBXGroup;
			children = (
			);
			path = Networking;
			sourceTree = "<group>";
		};
		04EB02E82AD84EEC00998431 /* AppConfig */ = {
			isa = PBXGroup;
			children = (
				04EB02D42AD82F5400998431 /* LaunchScreen.storyboard */,
				04EB02C92AD82F5300998431 /* AppDelegate.swift */,
				04EB02CB2AD82F5300998431 /* SceneDelegate.swift */,
			);
			path = AppConfig;
			sourceTree = "<group>";
		};
		04EB02E92AD84F1500998431 /* FixturesList */ = {
			isa = PBXGroup;
			children = (
				04EB02EC2AD84FDC00998431 /* ViewController */,
				04EB02EA2AD84F2200998431 /* Views */,
			);
			path = FixturesList;
			sourceTree = "<group>";
		};
		04EB02EA2AD84F2200998431 /* Views */ = {
			isa = PBXGroup;
			children = (
				04EB02F22AD8544300998431 /* Team */,
				04EB02ED2AD8512300998431 /* Fixtur */,
				04EB02CD2AD82F5300998431 /* ViewController.swift */,
				04EB02F72AD85B2800998431 /* FixturesList.storyboard */,
			);
			path = Views;
			sourceTree = "<group>";
		};
		04EB02EC2AD84FDC00998431 /* ViewController */ = {
			isa = PBXGroup;
			children = (
			);
			path = ViewController;
			sourceTree = "<group>";
		};
		04EB02ED2AD8512300998431 /* Fixtur */ = {
			isa = PBXGroup;
			children = (
				04EB02EE2AD851EF00998431 /* Fixtur.xib */,
				04EB02F02AD8521400998431 /* Fixtur.swift */,
			);
			path = Fixtur;
			sourceTree = "<group>";
		};
		04EB02F22AD8544300998431 /* Team */ = {
			isa = PBXGroup;
			children = (
				04EB02F32AD8556600998431 /* Team.xib */,
				04EB02F52AD8557A00998431 /* Team.swift */,
			);
			path = Team;
			sourceTree = "<group>";
		};
		04EB02F92AD86BDC00998431 /* Protocol */ = {
			isa = PBXGroup;
			children = (
				04EB02FA2AD86BF300998431 /* CustomViewProtocol.swift */,
			);
			path = Protocol;
			sourceTree = "<group>";
		};
/* End PBXGroup section */

/* Begin PBXNativeTarget section */
		04EB02C52AD82F5300998431 /* PL */ = {
			isa = PBXNativeTarget;
			buildConfigurationList = 04EB02DA2AD82F5400998431 /* Build configuration list for PBXNativeTarget "PL" */;
			buildPhases = (
				04EB02C22AD82F5300998431 /* Sources */,
				04EB02C32AD82F5300998431 /* Frameworks */,
				04EB02C42AD82F5300998431 /* Resources */,
				04EB02FC2AD8704900998431 /* ShellScript */,
			);
			buildRules = (
			);
			dependencies = (
			);
			name = PL;
			packageProductDependencies = (
				04EB02DE2AD84CAE00998431 /* Alamofire */,
			);
			productName = PL;
			productReference = 04EB02C62AD82F5300998431 /* PL.app */;
			productType = "com.apple.product-type.application";
		};
/* End PBXNativeTarget section */

/* Begin PBXProject section */
		04EB02BE2AD82F5300998431 /* Project object */ = {
			isa = PBXProject;
			attributes = {
				BuildIndependentTargetsInParallel = 1;
				LastSwiftUpdateCheck = 1500;
				LastUpgradeCheck = 1500;
				TargetAttributes = {
					04EB02C52AD82F5300998431 = {
						CreatedOnToolsVersion = 15.0;
					};
				};
			};
			buildConfigurationList = 04EB02C12AD82F5300998431 /* Build configuration list for PBXProject "PL" */;
			compatibilityVersion = "Xcode 14.0";
			developmentRegion = en;
			hasScannedForEncodings = 0;
			knownRegions = (
				en,
				Base,
			);
			mainGroup = 04EB02BD2AD82F5300998431;
			packageReferences = (
				04EB02DD2AD84CAE00998431 /* XCRemoteSwiftPackageReference "Alamofire" */,
			);
			productRefGroup = 04EB02C72AD82F5300998431 /* Products */;
			projectDirPath = "";
			projectRoot = "";
			targets = (
				04EB02C52AD82F5300998431 /* PL */,
			);
		};
/* End PBXProject section */

/* Begin PBXResourcesBuildPhase section */
		04EB02C42AD82F5300998431 /* Resources */ = {
			isa = PBXResourcesBuildPhase;
			buildActionMask = 2147483647;
			files = (
				04EB02D62AD82F5400998431 /* LaunchScreen.storyboard in Resources */,
				04EB02F42AD8556600998431 /* Team.xib in Resources */,
				04EB02EF2AD851EF00998431 /* Fixtur.xib in Resources */,
				04EB02D32AD82F5400998431 /* Assets.xcassets in Resources */,
				04EB02F82AD85B2800998431 /* FixturesList.storyboard in Resources */,
				04EB02D12AD82F5300998431 /* Main.storyboard in Resources */,
			);
			runOnlyForDeploymentPostprocessing = 0;
		};
/* End PBXResourcesBuildPhase section */

/* Begin PBXShellScriptBuildPhase section */
		04EB02FC2AD8704900998431 /* ShellScript */ = {
			isa = PBXShellScriptBuildPhase;
			alwaysOutOfDate = 1;
			buildActionMask = 2147483647;
			files = (
			);
			inputFileListPaths = (
			);
			inputPaths = (
			);
			outputFileListPaths = (
			);
			outputPaths = (
			);
			runOnlyForDeploymentPostprocessing = 0;
			shellPath = /bin/sh;
			shellScript = "if [[ \"$(uname -m)\" == arm64 ]]; then\n    export PATH=\"/opt/homebrew/bin:$PATH\"\nfi\n\nif which swiftlint > /dev/null; then\n  swiftlint\nelse\n  echo \"warning: SwiftLint not installed, download from https://github.com/realm/SwiftLint\"\nfi\n";
		};
/* End PBXShellScriptBuildPhase section */

/* Begin PBXSourcesBuildPhase section */
		04EB02C22AD82F5300998431 /* Sources */ = {
			isa = PBXSourcesBuildPhase;
			buildActionMask = 2147483647;
			files = (
				04EB02CE2AD82F5300998431 /* ViewController.swift in Sources */,
				04EB02FB2AD86BF300998431 /* CustomViewProtocol.swift in Sources */,
				04EB02F12AD8521400998431 /* Fixtur.swift in Sources */,
				04EB02CA2AD82F5300998431 /* AppDelegate.swift in Sources */,
				04EB02F62AD8557A00998431 /* Team.swift in Sources */,
				04EB02CC2AD82F5300998431 /* SceneDelegate.swift in Sources */,
			);
			runOnlyForDeploymentPostprocessing = 0;
		};
/* End PBXSourcesBuildPhase section */

/* Begin PBXVariantGroup section */
		04EB02CF2AD82F5300998431 /* Main.storyboard */ = {
			isa = PBXVariantGroup;
			children = (
				04EB02D02AD82F5300998431 /* Base */,
			);
			name = Main.storyboard;
			sourceTree = "<group>";
		};
		04EB02D42AD82F5400998431 /* LaunchScreen.storyboard */ = {
			isa = PBXVariantGroup;
			children = (
				04EB02D52AD82F5400998431 /* Base */,
			);
			name = LaunchScreen.storyboard;
			sourceTree = "<group>";
		};
/* End PBXVariantGroup section */

/* Begin XCBuildConfiguration section */
		04EB02D82AD82F5400998431 /* Debug */ = {
			isa = XCBuildConfiguration;
			buildSettings = {
				ALWAYS_SEARCH_USER_PATHS = NO;
				ASSETCATALOG_COMPILER_GENERATE_SWIFT_ASSET_SYMBOL_EXTENSIONS = YES;
				CLANG_ANALYZER_NONNULL = YES;
				CLANG_ANALYZER_NUMBER_OBJECT_CONVERSION = YES_AGGRESSIVE;
				CLANG_CXX_LANGUAGE_STANDARD = "gnu++20";
				CLANG_ENABLE_MODULES = YES;
				CLANG_ENABLE_OBJC_ARC = YES;
				CLANG_ENABLE_OBJC_WEAK = YES;
				CLANG_WARN_BLOCK_CAPTURE_AUTORELEASING = YES;
				CLANG_WARN_BOOL_CONVERSION = YES;
				CLANG_WARN_COMMA = YES;
				CLANG_WARN_CONSTANT_CONVERSION = YES;
				CLANG_WARN_DEPRECATED_OBJC_IMPLEMENTATIONS = YES;
				CLANG_WARN_DIRECT_OBJC_ISA_USAGE = YES_ERROR;
				CLANG_WARN_DOCUMENTATION_COMMENTS = YES;
				CLANG_WARN_EMPTY_BODY = YES;
				CLANG_WARN_ENUM_CONVERSION = YES;
				CLANG_WARN_INFINITE_RECURSION = YES;
				CLANG_WARN_INT_CONVERSION = YES;
				CLANG_WARN_NON_LITERAL_NULL_CONVERSION = YES;
				CLANG_WARN_OBJC_IMPLICIT_RETAIN_SELF = YES;
				CLANG_WARN_OBJC_LITERAL_CONVERSION = YES;
				CLANG_WARN_OBJC_ROOT_CLASS = YES_ERROR;
				CLANG_WARN_QUOTED_INCLUDE_IN_FRAMEWORK_HEADER = YES;
				CLANG_WARN_RANGE_LOOP_ANALYSIS = YES;
				CLANG_WARN_STRICT_PROTOTYPES = YES;
				CLANG_WARN_SUSPICIOUS_MOVE = YES;
				CLANG_WARN_UNGUARDED_AVAILABILITY = YES_AGGRESSIVE;
				CLANG_WARN_UNREACHABLE_CODE = YES;
				CLANG_WARN__DUPLICATE_METHOD_MATCH = YES;
				COPY_PHASE_STRIP = NO;
				DEBUG_INFORMATION_FORMAT = dwarf;
				ENABLE_STRICT_OBJC_MSGSEND = YES;
				ENABLE_TESTABILITY = YES;
				ENABLE_USER_SCRIPT_SANDBOXING = YES;
				GCC_C_LANGUAGE_STANDARD = gnu17;
				GCC_DYNAMIC_NO_PIC = NO;
				GCC_NO_COMMON_BLOCKS = YES;
				GCC_OPTIMIZATION_LEVEL = 0;
				GCC_PREPROCESSOR_DEFINITIONS = (
					"DEBUG=1",
					"$(inherited)",
				);
				GCC_WARN_64_TO_32_BIT_CONVERSION = YES;
				GCC_WARN_ABOUT_RETURN_TYPE = YES_ERROR;
				GCC_WARN_UNDECLARED_SELECTOR = YES;
				GCC_WARN_UNINITIALIZED_AUTOS = YES_AGGRESSIVE;
				GCC_WARN_UNUSED_FUNCTION = YES;
				GCC_WARN_UNUSED_VARIABLE = YES;
				IPHONEOS_DEPLOYMENT_TARGET = 17.0;
				LOCALIZATION_PREFERS_STRING_CATALOGS = YES;
				MTL_ENABLE_DEBUG_INFO = INCLUDE_SOURCE;
				MTL_FAST_MATH = YES;
				ONLY_ACTIVE_ARCH = YES;
				SDKROOT = iphoneos;
				SWIFT_ACTIVE_COMPILATION_CONDITIONS = "DEBUG $(inherited)";
				SWIFT_OPTIMIZATION_LEVEL = "-Onone";
			};
			name = Debug;
		};
		04EB02D92AD82F5400998431 /* Release */ = {
			isa = XCBuildConfiguration;
			buildSettings = {
				ALWAYS_SEARCH_USER_PATHS = NO;
				ASSETCATALOG_COMPILER_GENERATE_SWIFT_ASSET_SYMBOL_EXTENSIONS = YES;
				CLANG_ANALYZER_NONNULL = YES;
				CLANG_ANALYZER_NUMBER_OBJECT_CONVERSION = YES_AGGRESSIVE;
				CLANG_CXX_LANGUAGE_STANDARD = "gnu++20";
				CLANG_ENABLE_MODULES = YES;
				CLANG_ENABLE_OBJC_ARC = YES;
				CLANG_ENABLE_OBJC_WEAK = YES;
				CLANG_WARN_BLOCK_CAPTURE_AUTORELEASING = YES;
				CLANG_WARN_BOOL_CONVERSION = YES;
				CLANG_WARN_COMMA = YES;
				CLANG_WARN_CONSTANT_CONVERSION = YES;
				CLANG_WARN_DEPRECATED_OBJC_IMPLEMENTATIONS = YES;
				CLANG_WARN_DIRECT_OBJC_ISA_USAGE = YES_ERROR;
				CLANG_WARN_DOCUMENTATION_COMMENTS = YES;
				CLANG_WARN_EMPTY_BODY = YES;
				CLANG_WARN_ENUM_CONVERSION = YES;
				CLANG_WARN_INFINITE_RECURSION = YES;
				CLANG_WARN_INT_CONVERSION = YES;
				CLANG_WARN_NON_LITERAL_NULL_CONVERSION = YES;
				CLANG_WARN_OBJC_IMPLICIT_RETAIN_SELF = YES;
				CLANG_WARN_OBJC_LITERAL_CONVERSION = YES;
				CLANG_WARN_OBJC_ROOT_CLASS = YES_ERROR;
				CLANG_WARN_QUOTED_INCLUDE_IN_FRAMEWORK_HEADER = YES;
				CLANG_WARN_RANGE_LOOP_ANALYSIS = YES;
				CLANG_WARN_STRICT_PROTOTYPES = YES;
				CLANG_WARN_SUSPICIOUS_MOVE = YES;
				CLANG_WARN_UNGUARDED_AVAILABILITY = YES_AGGRESSIVE;
				CLANG_WARN_UNREACHABLE_CODE = YES;
				CLANG_WARN__DUPLICATE_METHOD_MATCH = YES;
				COPY_PHASE_STRIP = NO;
				DEBUG_INFORMATION_FORMAT = "dwarf-with-dsym";
				ENABLE_NS_ASSERTIONS = NO;
				ENABLE_STRICT_OBJC_MSGSEND = YES;
				ENABLE_USER_SCRIPT_SANDBOXING = YES;
				GCC_C_LANGUAGE_STANDARD = gnu17;
				GCC_NO_COMMON_BLOCKS = YES;
				GCC_WARN_64_TO_32_BIT_CONVERSION = YES;
				GCC_WARN_ABOUT_RETURN_TYPE = YES_ERROR;
				GCC_WARN_UNDECLARED_SELECTOR = YES;
				GCC_WARN_UNINITIALIZED_AUTOS = YES_AGGRESSIVE;
				GCC_WARN_UNUSED_FUNCTION = YES;
				GCC_WARN_UNUSED_VARIABLE = YES;
				IPHONEOS_DEPLOYMENT_TARGET = 17.0;
				LOCALIZATION_PREFERS_STRING_CATALOGS = YES;
				MTL_ENABLE_DEBUG_INFO = NO;
				MTL_FAST_MATH = YES;
				SDKROOT = iphoneos;
				SWIFT_COMPILATION_MODE = wholemodule;
				VALIDATE_PRODUCT = YES;
			};
			name = Release;
		};
		04EB02DB2AD82F5400998431 /* Debug */ = {
			isa = XCBuildConfiguration;
			buildSettings = {
				ASSETCATALOG_COMPILER_APPICON_NAME = AppIcon;
				ASSETCATALOG_COMPILER_GLOBAL_ACCENT_COLOR_NAME = AccentColor;
				CODE_SIGN_STYLE = Automatic;
				CURRENT_PROJECT_VERSION = 1;
				GENERATE_INFOPLIST_FILE = YES;
				INFOPLIST_FILE = PL/Info.plist;
				INFOPLIST_KEY_UIApplicationSupportsIndirectInputEvents = YES;
				INFOPLIST_KEY_UILaunchStoryboardName = LaunchScreen;
				INFOPLIST_KEY_UIMainStoryboardFile = Main;
				INFOPLIST_KEY_UISupportedInterfaceOrientations = UIInterfaceOrientationPortrait;
				INFOPLIST_KEY_UISupportedInterfaceOrientations_iPad = "UIInterfaceOrientationPortrait UIInterfaceOrientationPortraitUpsideDown";
				LD_RUNPATH_SEARCH_PATHS = (
					"$(inherited)",
					"@executable_path/Frameworks",
				);
				MARKETING_VERSION = 1.0;
				PRODUCT_BUNDLE_IDENTIFIER = com.PL;
				PRODUCT_NAME = "$(TARGET_NAME)";
				SUPPORTED_PLATFORMS = "iphoneos iphonesimulator";
				SUPPORTS_MACCATALYST = NO;
				SUPPORTS_MAC_DESIGNED_FOR_IPHONE_IPAD = NO;
				SWIFT_EMIT_LOC_STRINGS = YES;
				SWIFT_VERSION = 5.0;
				TARGETED_DEVICE_FAMILY = "1,2";
			};
			name = Debug;
		};
		04EB02DC2AD82F5400998431 /* Release */ = {
			isa = XCBuildConfiguration;
			buildSettings = {
				ASSETCATALOG_COMPILER_APPICON_NAME = AppIcon;
				ASSETCATALOG_COMPILER_GLOBAL_ACCENT_COLOR_NAME = AccentColor;
				CODE_SIGN_STYLE = Automatic;
				CURRENT_PROJECT_VERSION = 1;
				GENERATE_INFOPLIST_FILE = YES;
				INFOPLIST_FILE = PL/Info.plist;
				INFOPLIST_KEY_UIApplicationSupportsIndirectInputEvents = YES;
				INFOPLIST_KEY_UILaunchStoryboardName = LaunchScreen;
				INFOPLIST_KEY_UIMainStoryboardFile = Main;
				INFOPLIST_KEY_UISupportedInterfaceOrientations = UIInterfaceOrientationPortrait;
				INFOPLIST_KEY_UISupportedInterfaceOrientations_iPad = "UIInterfaceOrientationPortrait UIInterfaceOrientationPortraitUpsideDown";
				LD_RUNPATH_SEARCH_PATHS = (
					"$(inherited)",
					"@executable_path/Frameworks",
				);
				MARKETING_VERSION = 1.0;
				PRODUCT_BUNDLE_IDENTIFIER = com.PL;
				PRODUCT_NAME = "$(TARGET_NAME)";
				SUPPORTED_PLATFORMS = "iphoneos iphonesimulator";
				SUPPORTS_MACCATALYST = NO;
				SUPPORTS_MAC_DESIGNED_FOR_IPHONE_IPAD = NO;
				SWIFT_EMIT_LOC_STRINGS = YES;
				SWIFT_VERSION = 5.0;
				TARGETED_DEVICE_FAMILY = "1,2";
			};
			name = Release;
		};
/* End XCBuildConfiguration section */

/* Begin XCConfigurationList section */
		04EB02C12AD82F5300998431 /* Build configuration list for PBXProject "PL" */ = {
			isa = XCConfigurationList;
			buildConfigurations = (
				04EB02D82AD82F5400998431 /* Debug */,
				04EB02D92AD82F5400998431 /* Release */,
			);
			defaultConfigurationIsVisible = 0;
			defaultConfigurationName = Release;
		};
		04EB02DA2AD82F5400998431 /* Build configuration list for PBXNativeTarget "PL" */ = {
			isa = XCConfigurationList;
			buildConfigurations = (
				04EB02DB2AD82F5400998431 /* Debug */,
				04EB02DC2AD82F5400998431 /* Release */,
			);
			defaultConfigurationIsVisible = 0;
			defaultConfigurationName = Release;
		};
/* End XCConfigurationList section */

/* Begin XCRemoteSwiftPackageReference section */
		04EB02DD2AD84CAE00998431 /* XCRemoteSwiftPackageReference "Alamofire" */ = {
			isa = XCRemoteSwiftPackageReference;
			repositoryURL = "https://github.com/Alamofire/Alamofire";
			requirement = {
				kind = upToNextMajorVersion;
				minimumVersion = 5.8.0;
			};
		};
/* End XCRemoteSwiftPackageReference section */

/* Begin XCSwiftPackageProductDependency section */
		04EB02DE2AD84CAE00998431 /* Alamofire */ = {
			isa = XCSwiftPackageProductDependency;
			package = 04EB02DD2AD84CAE00998431 /* XCRemoteSwiftPackageReference "Alamofire" */;
			productName = Alamofire;
		};
/* End XCSwiftPackageProductDependency section */
	};
	rootObject = 04EB02BE2AD82F5300998431 /* Project object */;
}
